<?xml version="1.0" encoding="UTF-8" standalone="yes" ?>
<CodeBlocks_project_file>
	<FileVersion major="1" minor="6" />
	<Project>
		<Option title="skyfall" />
		<Option pch_mode="2" />
		<Option compiler="gcc" />
		<Build>
			<Target title="Debug">
				<Option output="./skyfall" prefix_auto="1" extension_auto="1" />
				<Option object_output="obj/Debug/" />
				<Option type="1" />
				<Option compiler="gcc" />
				<Compiler>
					<Add option="-g" />
				</Compiler>
				<Linker>
					<Add library="alld" />
				</Linker>
			</Target>
			<Target title="Release">
				<Option output="./skyfall" prefix_auto="1" extension_auto="1" />
				<Option object_output="obj/Release/" />
				<Option type="0" />
				<Option compiler="gcc" />
				<Compiler>
					<Add option="-O2" />
				</Compiler>
				<Linker>
					<Add option="-s" />
					<Add library="alleg" />
				</Linker>
			</Target>
		</Build>
		<Compiler>
			<Add option="-Wall" />
		</Compiler>
		<Unit filename="clases/Asteroides.hpp" />
		<Unit filename="clases/BonusEnergia.hpp" />
		<Unit filename="clases/BonusSalud.hpp" />
		<Unit filename="clases/Disparos.hpp" />
		<Unit filename="clases/Enemigo.hpp" />
		<Unit filename="clases/Fondo.hpp" />
		<Unit filename="clases/Jugador.hpp" />
		<Unit filename="clases/Naves.hpp" />
		<Unit filename="clases/Nivel.hpp" />
		<Unit filename="clases/Objetos.hpp" />
		<Unit filename="clases/Perfil.hpp" />
		<Unit filename="clases/Puntajes.hpp" />
		<Unit filename="icon.rc">
			<Option compilerVar="WINDRES" />
		</Unit>
		<Unit filename="include/Interfaz.hpp" />
		<Unit filename="include/Juego.hpp" />
		<Unit filename="include/Menu.hpp" />
		<Unit filename="include/Utils.hpp" />
		<Unit filename="main.cpp" />
		<Extensions>
			<code_completion />
			<envvars />
			<debugger />
			<lib_finder disable_auto="1" />
		</Extensions>
	</Project>
</CodeBlocks_project_file>
